
Microsoft Visual Studio Solution File, Format Version 12.00
# Visual Studio Version 16
VisualStudioVersion = 16.0.29924.181
MinimumVisualStudioVersion = 10.0.40219.1
Project("{FAE04EC0-301F-11D3-BF4B-00C04F79EFBC}") = "OPZ_Template", "OPZ_Template\OPZ_Template.csproj", "{F81F477D-F1D5-42C3-8919-204B6A855D5C}"
EndProject
Global
	GlobalSection(SolutionConfigurationPlatforms) = preSolution
		Debug|Any CPU = Debug|Any CPU
		Release|Any CPU = Release|Any CPU
	EndGlobalSection
	GlobalSection(ProjectConfigurationPlatforms) = postSolution
		{F81F477D-F1D5-42C3-8919-204B6A855D5C}.Debug|Any CPU.ActiveCfg = Debug|Any CPU
		{F81F477D-F1D5-42C3-8919-204B6A855D5C}.Debug|Any CPU.Build.0 = Debug|Any CPU
		{F81F477D-F1D5-42C3-8919-204B6A855D5C}.Release|Any CPU.ActiveCfg = Release|Any CPU
		{F81F477D-F1D5-42C3-8919-204B6A855D5C}.Release|Any CPU.Build.0 = Release|Any CPU
	EndGlobalSection
	GlobalSection(SolutionProperties) = preSolution
		HideSolutionNode = FALSE
	EndGlobalSection
	GlobalSection(ExtensibilityGlobals) = postSolution
		SolutionGuid = {29E09470-598A-4992-BE3E-93187B3CD316}
	EndGlobalSection
EndGlobal
